
Microsoft Visual Studio Solution File, Format Version 12.00
# Visual Studio Version 16
VisualStudioVersion = 16.0.32407.337
MinimumVisualStudioVersion = 10.0.40219.1
Project("{FAE04EC0-301F-11D3-BF4B-00C04F79EFBC}") = "PitfallARCTool", "PitfallARCTool\PitfallARCTool.csproj", "{FFD6CBA5-869A-42D2-83FB-A35197BB864B}"
EndProject
Global
	GlobalSection(SolutionConfigurationPlatforms) = preSolution
		Debug|Any CPU = Debug|Any CPU
		Release|Any CPU = Release|Any CPU
	EndGlobalSection
	GlobalSection(ProjectConfigurationPlatforms) = postSolution
		{FFD6CBA5-869A-42D2-83FB-A35197BB864B}.Debug|Any CPU.ActiveCfg = Debug|Any CPU
		{FFD6CBA5-869A-42D2-83FB-A35197BB864B}.Debug|Any CPU.Build.0 = Debug|Any CPU
		{FFD6CBA5-869A-42D2-83FB-A35197BB864B}.Release|Any CPU.ActiveCfg = Release|Any CPU
		{FFD6CBA5-869A-42D2-83FB-A35197BB864B}.Release|Any CPU.Build.0 = Release|Any CPU
	EndGlobalSection
	GlobalSection(SolutionProperties) = preSolution
		HideSolutionNode = FALSE
	EndGlobalSection
	GlobalSection(ExtensibilityGlobals) = postSolution
		SolutionGuid = {679ACBD8-01DC-4A29-BA8A-A107A9E37EF0}
	EndGlobalSection
EndGlobal
